
Microsoft Visual Studio Solution File, Format Version 12.00
# Visual Studio 15
VisualStudioVersion = 15.0.27703.2042
MinimumVisualStudioVersion = 10.0.40219.1
Project("{FAE04EC0-301F-11D3-BF4B-00C04F79EFBC}") = "Dockerone", "Dockerone\Dockerone.csproj", "{3BE57CF1-26B0-486D-B9A4-3BE553B75994}"
EndProject
Global
	GlobalSection(SolutionConfigurationPlatforms) = preSolution
		Debug|Any CPU = Debug|Any CPU
		Release|Any CPU = Release|Any CPU
	EndGlobalSection
	GlobalSection(ProjectConfigurationPlatforms) = postSolution
		{3BE57CF1-26B0-486D-B9A4-3BE553B75994}.Debug|Any CPU.ActiveCfg = Debug|Any CPU
		{3BE57CF1-26B0-486D-B9A4-3BE553B75994}.Debug|Any CPU.Build.0 = Debug|Any CPU
		{3BE57CF1-26B0-486D-B9A4-3BE553B75994}.Release|Any CPU.ActiveCfg = Release|Any CPU
		{3BE57CF1-26B0-486D-B9A4-3BE553B75994}.Release|Any CPU.Build.0 = Release|Any CPU
	EndGlobalSection
	GlobalSection(SolutionProperties) = preSolution
		HideSolutionNode = FALSE
	EndGlobalSection
	GlobalSection(ExtensibilityGlobals) = postSolution
		SolutionGuid = {BF703674-FA0D-4F9E-8B9A-CAE7B1E1AC9C}
	EndGlobalSection
EndGlobal
